
Microsoft Visual Studio Solution File, Format Version 12.00
# Visual Studio 15
VisualStudioVersion = 15.0.28010.2003
MinimumVisualStudioVersion = 10.0.40219.1
Project("{F184B08F-C81C-45F6-A57F-5ABD9991F28F}") = "Depreciation", "Depreciation\Depreciation.vbproj", "{C55A3D1D-7C9E-416C-8279-59EE8FCFC076}"
EndProject
Global
	GlobalSection(SolutionConfigurationPlatforms) = preSolution
		Debug|Any CPU = Debug|Any CPU
		Release|Any CPU = Release|Any CPU
	EndGlobalSection
	GlobalSection(ProjectConfigurationPlatforms) = postSolution
		{C55A3D1D-7C9E-416C-8279-59EE8FCFC076}.Debug|Any CPU.ActiveCfg = Debug|Any CPU
		{C55A3D1D-7C9E-416C-8279-59EE8FCFC076}.Debug|Any CPU.Build.0 = Debug|Any CPU
		{C55A3D1D-7C9E-416C-8279-59EE8FCFC076}.Release|Any CPU.ActiveCfg = Release|Any CPU
		{C55A3D1D-7C9E-416C-8279-59EE8FCFC076}.Release|Any CPU.Build.0 = Release|Any CPU
	EndGlobalSection
	GlobalSection(SolutionProperties) = preSolution
		HideSolutionNode = FALSE
	EndGlobalSection
	GlobalSection(ExtensibilityGlobals) = postSolution
		SolutionGuid = {EA23766C-B192-4190-BEBB-C8BF40E9FDE3}
	EndGlobalSection
EndGlobal
